
Microsoft Visual Studio Solution File, Format Version 12.00
# Visual Studio Version 16
VisualStudioVersion = 16.0.31729.503
MinimumVisualStudioVersion = 10.0.40219.1
Project("{9A19103F-16F7-4668-BE54-9A1E7A4F7556}") = "SaperLab2WPF", "SaperLab2WPF\SaperLab2WPF.csproj", "{2F41DCE1-DAD8-4D13-91C5-36A9D39A1058}"
EndProject
Project("{54435603-DBB4-11D2-8724-00A0C9A8B90C}") = "MineSweeperSetup", "MineSweeperSetup\MineSweeperSetup.vdproj", "{CB1D2AC5-8CE5-4322-86A0-33C97BBD4061}"
EndProject
Global
	GlobalSection(SolutionConfigurationPlatforms) = preSolution
		Debug|Any CPU = Debug|Any CPU
		Release|Any CPU = Release|Any CPU
	EndGlobalSection
	GlobalSection(ProjectConfigurationPlatforms) = postSolution
		{2F41DCE1-DAD8-4D13-91C5-36A9D39A1058}.Debug|Any CPU.ActiveCfg = Debug|Any CPU
		{2F41DCE1-DAD8-4D13-91C5-36A9D39A1058}.Debug|Any CPU.Build.0 = Debug|Any CPU
		{2F41DCE1-DAD8-4D13-91C5-36A9D39A1058}.Release|Any CPU.ActiveCfg = Release|Any CPU
		{2F41DCE1-DAD8-4D13-91C5-36A9D39A1058}.Release|Any CPU.Build.0 = Release|Any CPU
		{CB1D2AC5-8CE5-4322-86A0-33C97BBD4061}.Debug|Any CPU.ActiveCfg = Debug
		{CB1D2AC5-8CE5-4322-86A0-33C97BBD4061}.Release|Any CPU.ActiveCfg = Release
	EndGlobalSection
	GlobalSection(SolutionProperties) = preSolution
		HideSolutionNode = FALSE
	EndGlobalSection
	GlobalSection(ExtensibilityGlobals) = postSolution
		SolutionGuid = {5148AE47-C5C8-4FA7-9B7F-963C43D4987A}
	EndGlobalSection
EndGlobal
